
Microsoft Visual Studio Solution File, Format Version 12.00
# Visual Studio 14
VisualStudioVersion = 14.0.23107.0
MinimumVisualStudioVersion = 10.0.40219.1
Project("{8BC9CEB8-8B4A-11D0-8D11-00A0C91BC942}") = "seq2mid", "seq2mid\seq2mid.vcxproj", "{E358C98E-590E-4A89-9D41-536BF3562685}"
EndProject
Project("{8BC9CEB8-8B4A-11D0-8D11-00A0C91BC942}") = "seqq2mid", "seqq2mid\seqq2mid.vcxproj", "{370757DF-AD7C-45BD-BB24-1A1B642C43FB}"
EndProject
Global
	GlobalSection(SolutionConfigurationPlatforms) = preSolution
		Debug|Win32 = Debug|Win32
		Release|Win32 = Release|Win32
	EndGlobalSection
	GlobalSection(ProjectConfigurationPlatforms) = postSolution
		{E358C98E-590E-4A89-9D41-536BF3562685}.Debug|Win32.ActiveCfg = Debug|Win32
		{E358C98E-590E-4A89-9D41-536BF3562685}.Debug|Win32.Build.0 = Debug|Win32
		{E358C98E-590E-4A89-9D41-536BF3562685}.Release|Win32.ActiveCfg = Release|Win32
		{E358C98E-590E-4A89-9D41-536BF3562685}.Release|Win32.Build.0 = Release|Win32
		{370757DF-AD7C-45BD-BB24-1A1B642C43FB}.Debug|Win32.ActiveCfg = Debug|Win32
		{370757DF-AD7C-45BD-BB24-1A1B642C43FB}.Debug|Win32.Build.0 = Debug|Win32
		{370757DF-AD7C-45BD-BB24-1A1B642C43FB}.Release|Win32.ActiveCfg = Release|Win32
		{370757DF-AD7C-45BD-BB24-1A1B642C43FB}.Release|Win32.Build.0 = Release|Win32
	EndGlobalSection
	GlobalSection(SolutionProperties) = preSolution
		HideSolutionNode = FALSE
	EndGlobalSection
EndGlobal
