
Microsoft Visual Studio Solution File, Format Version 12.00
# Visual Studio 14
VisualStudioVersion = 14.0.23107.0
MinimumVisualStudioVersion = 10.0.40219.1
Project("{8BC9CEB8-8B4A-11D0-8D11-00A0C91BC942}") = "HokutoLZSS", "HokutoLZSS.vcxproj", "{7FEC0235-866F-4129-A487-F2F7A11C75D9}"
EndProject
Project("{8BC9CEB8-8B4A-11D0-8D11-00A0C91BC942}") = "HokutoSplitDMF", "HokutoSplitDMF.vcxproj", "{2A99E5C6-2603-4AE5-83EC-5F0DED6EB78C}"
EndProject
Project("{8BC9CEB8-8B4A-11D0-8D11-00A0C91BC942}") = "HokutoUnPAC", "HokutoUnPAC.vcxproj", "{75234637-7F77-43CD-B840-4DB9E3D9D5A7}"
EndProject
Global
	GlobalSection(SolutionConfigurationPlatforms) = preSolution
		Debug|Win32 = Debug|Win32
		Release|Win32 = Release|Win32
	EndGlobalSection
	GlobalSection(ProjectConfigurationPlatforms) = postSolution
		{7FEC0235-866F-4129-A487-F2F7A11C75D9}.Debug|Win32.ActiveCfg = Debug|Win32
		{7FEC0235-866F-4129-A487-F2F7A11C75D9}.Debug|Win32.Build.0 = Debug|Win32
		{7FEC0235-866F-4129-A487-F2F7A11C75D9}.Release|Win32.ActiveCfg = Release|Win32
		{7FEC0235-866F-4129-A487-F2F7A11C75D9}.Release|Win32.Build.0 = Release|Win32
		{2A99E5C6-2603-4AE5-83EC-5F0DED6EB78C}.Debug|Win32.ActiveCfg = Debug|Win32
		{2A99E5C6-2603-4AE5-83EC-5F0DED6EB78C}.Debug|Win32.Build.0 = Debug|Win32
		{2A99E5C6-2603-4AE5-83EC-5F0DED6EB78C}.Release|Win32.ActiveCfg = Release|Win32
		{2A99E5C6-2603-4AE5-83EC-5F0DED6EB78C}.Release|Win32.Build.0 = Release|Win32
		{75234637-7F77-43CD-B840-4DB9E3D9D5A7}.Debug|Win32.ActiveCfg = Debug|Win32
		{75234637-7F77-43CD-B840-4DB9E3D9D5A7}.Debug|Win32.Build.0 = Debug|Win32
		{75234637-7F77-43CD-B840-4DB9E3D9D5A7}.Release|Win32.ActiveCfg = Release|Win32
		{75234637-7F77-43CD-B840-4DB9E3D9D5A7}.Release|Win32.Build.0 = Release|Win32
	EndGlobalSection
	GlobalSection(SolutionProperties) = preSolution
		HideSolutionNode = FALSE
	EndGlobalSection
EndGlobal
