
Microsoft Visual Studio Solution File, Format Version 12.00
# Visual Studio 14
VisualStudioVersion = 14.0.23107.0
MinimumVisualStudioVersion = 10.0.40219.1
Project("{8BC9CEB8-8B4A-11D0-8D11-00A0C91BC942}") = "bin2c", "bin2c\bin2c.vcxproj", "{496FF8BB-0E97-48C6-BA7C-67FBFC5308B1}"
EndProject
Project("{8BC9CEB8-8B4A-11D0-8D11-00A0C91BC942}") = "bincut2", "bincut2\bincut2.vcxproj", "{9041FB60-4AA3-4034-8004-95DF7B292F0C}"
EndProject
Project("{8BC9CEB8-8B4A-11D0-8D11-00A0C91BC942}") = "CopyNonZero", "CopyNonZero\CopyNonZero.vcxproj", "{98DB79D6-0B83-4209-9B68-7B91E9E58EB1}"
EndProject
Project("{8BC9CEB8-8B4A-11D0-8D11-00A0C91BC942}") = "minigen", "minigen\minigen.vcxproj", "{A85AD845-04C6-4A56-8B0A-8BF9CDE5D2D5}"
EndProject
Global
	GlobalSection(SolutionConfigurationPlatforms) = preSolution
		Debug|Win32 = Debug|Win32
		Release|Win32 = Release|Win32
	EndGlobalSection
	GlobalSection(ProjectConfigurationPlatforms) = postSolution
		{496FF8BB-0E97-48C6-BA7C-67FBFC5308B1}.Debug|Win32.ActiveCfg = Debug|Win32
		{496FF8BB-0E97-48C6-BA7C-67FBFC5308B1}.Debug|Win32.Build.0 = Debug|Win32
		{496FF8BB-0E97-48C6-BA7C-67FBFC5308B1}.Release|Win32.ActiveCfg = Release|Win32
		{496FF8BB-0E97-48C6-BA7C-67FBFC5308B1}.Release|Win32.Build.0 = Release|Win32
		{9041FB60-4AA3-4034-8004-95DF7B292F0C}.Debug|Win32.ActiveCfg = Debug|Win32
		{9041FB60-4AA3-4034-8004-95DF7B292F0C}.Debug|Win32.Build.0 = Debug|Win32
		{9041FB60-4AA3-4034-8004-95DF7B292F0C}.Release|Win32.ActiveCfg = Release|Win32
		{9041FB60-4AA3-4034-8004-95DF7B292F0C}.Release|Win32.Build.0 = Release|Win32
		{98DB79D6-0B83-4209-9B68-7B91E9E58EB1}.Debug|Win32.ActiveCfg = Debug|Win32
		{98DB79D6-0B83-4209-9B68-7B91E9E58EB1}.Debug|Win32.Build.0 = Debug|Win32
		{98DB79D6-0B83-4209-9B68-7B91E9E58EB1}.Release|Win32.ActiveCfg = Release|Win32
		{98DB79D6-0B83-4209-9B68-7B91E9E58EB1}.Release|Win32.Build.0 = Release|Win32
		{A85AD845-04C6-4A56-8B0A-8BF9CDE5D2D5}.Debug|Win32.ActiveCfg = Debug|Win32
		{A85AD845-04C6-4A56-8B0A-8BF9CDE5D2D5}.Debug|Win32.Build.0 = Debug|Win32
		{A85AD845-04C6-4A56-8B0A-8BF9CDE5D2D5}.Release|Win32.ActiveCfg = Release|Win32
		{A85AD845-04C6-4A56-8B0A-8BF9CDE5D2D5}.Release|Win32.Build.0 = Release|Win32
	EndGlobalSection
	GlobalSection(SolutionProperties) = preSolution
		HideSolutionNode = FALSE
	EndGlobalSection
EndGlobal
